
Microsoft Visual Studio Solution File, Format Version 12.00
# Visual Studio Version 17
VisualStudioVersion = 17.4.33213.308
MinimumVisualStudioVersion = 10.0.40219.1
Project("{FAE04EC0-301F-11D3-BF4B-00C04F79EFBC}") = "MegaEzhednevnich", "MegaEzhednevnich\MegaEzhednevnich.csproj", "{179E0704-6FD1-443B-A116-BF1FFD9A20E2}"
EndProject
Global
	GlobalSection(SolutionConfigurationPlatforms) = preSolution
		Debug|Any CPU = Debug|Any CPU
		Release|Any CPU = Release|Any CPU
	EndGlobalSection
	GlobalSection(ProjectConfigurationPlatforms) = postSolution
		{179E0704-6FD1-443B-A116-BF1FFD9A20E2}.Debug|Any CPU.ActiveCfg = Debug|Any CPU
		{179E0704-6FD1-443B-A116-BF1FFD9A20E2}.Debug|Any CPU.Build.0 = Debug|Any CPU
		{179E0704-6FD1-443B-A116-BF1FFD9A20E2}.Release|Any CPU.ActiveCfg = Release|Any CPU
		{179E0704-6FD1-443B-A116-BF1FFD9A20E2}.Release|Any CPU.Build.0 = Release|Any CPU
	EndGlobalSection
	GlobalSection(SolutionProperties) = preSolution
		HideSolutionNode = FALSE
	EndGlobalSection
	GlobalSection(ExtensibilityGlobals) = postSolution
		SolutionGuid = {D79854EC-A0FF-4BB1-9D25-7C6ABF2A62A4}
	EndGlobalSection
EndGlobal
